
Microsoft Visual Studio Solution File, Format Version 12.00
# Visual Studio Version 17
VisualStudioVersion = 17.2.32630.192
MinimumVisualStudioVersion = 10.0.40219.1
Project("{FAE04EC0-301F-11D3-BF4B-00C04F79EFBC}") = "HelloWorld", "HelloWorld\HelloWorld.csproj", "{EE925913-DE5B-48E6-AB38-7EE54EDB832E}"
EndProject
Global
	GlobalSection(SolutionConfigurationPlatforms) = preSolution
		Debug|Any CPU = Debug|Any CPU
		Release|Any CPU = Release|Any CPU
	EndGlobalSection
	GlobalSection(ProjectConfigurationPlatforms) = postSolution
		{EE925913-DE5B-48E6-AB38-7EE54EDB832E}.Debug|Any CPU.ActiveCfg = Debug|Any CPU
		{EE925913-DE5B-48E6-AB38-7EE54EDB832E}.Debug|Any CPU.Build.0 = Debug|Any CPU
		{EE925913-DE5B-48E6-AB38-7EE54EDB832E}.Release|Any CPU.ActiveCfg = Release|Any CPU
		{EE925913-DE5B-48E6-AB38-7EE54EDB832E}.Release|Any CPU.Build.0 = Release|Any CPU
	EndGlobalSection
	GlobalSection(SolutionProperties) = preSolution
		HideSolutionNode = FALSE
	EndGlobalSection
	GlobalSection(ExtensibilityGlobals) = postSolution
		SolutionGuid = {C7490202-32FB-400C-BCFC-4A5FCAB737A0}
	EndGlobalSection
EndGlobal
